
Microsoft Visual Studio Solution File, Format Version 12.00
# Visual Studio Version 16
VisualStudioVersion = 16.0.31205.134
MinimumVisualStudioVersion = 10.0.40219.1
Project("{FAE04EC0-301F-11D3-BF4B-00C04F79EFBC}") = "Projeto N2 POO", "Projeto N2 POO\Projeto N2 POO.csproj", "{2E5C09A6-A483-4B7D-8B73-45286C7C37A4}"
EndProject
Global
	GlobalSection(SolutionConfigurationPlatforms) = preSolution
		Debug|Any CPU = Debug|Any CPU
		Release|Any CPU = Release|Any CPU
	EndGlobalSection
	GlobalSection(ProjectConfigurationPlatforms) = postSolution
		{2E5C09A6-A483-4B7D-8B73-45286C7C37A4}.Debug|Any CPU.ActiveCfg = Debug|Any CPU
		{2E5C09A6-A483-4B7D-8B73-45286C7C37A4}.Debug|Any CPU.Build.0 = Debug|Any CPU
		{2E5C09A6-A483-4B7D-8B73-45286C7C37A4}.Release|Any CPU.ActiveCfg = Release|Any CPU
		{2E5C09A6-A483-4B7D-8B73-45286C7C37A4}.Release|Any CPU.Build.0 = Release|Any CPU
	EndGlobalSection
	GlobalSection(SolutionProperties) = preSolution
		HideSolutionNode = FALSE
	EndGlobalSection
	GlobalSection(ExtensibilityGlobals) = postSolution
		SolutionGuid = {CD372F1E-21A0-435A-939E-0FFA4DD78EE7}
	EndGlobalSection
EndGlobal
